// !$*UTF8*$!
{
	archiveVersion = 1;
	classes = {
	};
	objectVersion = 50;
	objects = {

/* Begin PBXBuildFile section */
		0F9EC626EB53AEA5290E2A87 /* Pods_MercadoPagoTests.framework in Frameworks */ = {isa = PBXBuildFile; fileRef = B6C01044A4E05DF944E25575 /* Pods_MercadoPagoTests.framework */; };
		70FAAEBA5B9D0F94F8299097 /* Pods_MercadoPagoUITests.framework in Frameworks */ = {isa = PBXBuildFile; fileRef = 8CE5FB1FD42B2A865230511E /* Pods_MercadoPagoUITests.framework */; };
		9F2A3A7821267F6E0076770E /* CreditCard.swift in Sources */ = {isa = PBXBuildFile; fileRef = 9F2A3A7721267F6E0076770E /* CreditCard.swift */; };
		9F2A3A7A212680A90076770E /* Bank.swift in Sources */ = {isa = PBXBuildFile; fileRef = 9F2A3A79212680A90076770E /* Bank.swift */; };
		9F2A3A7E212681B10076770E /* Api.swift in Sources */ = {isa = PBXBuildFile; fileRef = 9F2A3A7D212681B10076770E /* Api.swift */; };
		9F2A3A802126876D0076770E /* ApiDefinition.swift in Sources */ = {isa = PBXBuildFile; fileRef = 9F2A3A7F2126876D0076770E /* ApiDefinition.swift */; };
		9F2A3A8621268D990076770E /* Mapper.swift in Sources */ = {isa = PBXBuildFile; fileRef = 9F2A3A8521268D990076770E /* Mapper.swift */; };
		9F3658BD2125ECEF00A917C6 /* AppDelegate.swift in Sources */ = {isa = PBXBuildFile; fileRef = 9F3658BC2125ECEF00A917C6 /* AppDelegate.swift */; };
		9F3658C42125ECF100A917C6 /* Assets.xcassets in Resources */ = {isa = PBXBuildFile; fileRef = 9F3658C32125ECF100A917C6 /* Assets.xcassets */; };
		9F3658C72125ECF100A917C6 /* LaunchScreen.storyboard in Resources */ = {isa = PBXBuildFile; fileRef = 9F3658C52125ECF100A917C6 /* LaunchScreen.storyboard */; };
		9F3658D22125ECF100A917C6 /* MercadoPagoTests.swift in Sources */ = {isa = PBXBuildFile; fileRef = 9F3658D12125ECF100A917C6 /* MercadoPagoTests.swift */; };
		9F3658DD2125ECF100A917C6 /* MercadoPagoUITests.swift in Sources */ = {isa = PBXBuildFile; fileRef = 9F3658DC2125ECF100A917C6 /* MercadoPagoUITests.swift */; };
		9F3658EB2125EDB600A917C6 /* Cartfile in Resources */ = {isa = PBXBuildFile; fileRef = 9F3658EA2125EDB600A917C6 /* Cartfile */; };
		9F3658ED2125EDC200A917C6 /* .swiftlint.yml in Resources */ = {isa = PBXBuildFile; fileRef = 9F3658EC2125EDC200A917C6 /* .swiftlint.yml */; };
		9F5EAEFE212726F3003C38FA /* Color.swift in Sources */ = {isa = PBXBuildFile; fileRef = 9F5EAEFD212726F3003C38FA /* Color.swift */; };
		9F5EAF0021272B69003C38FA /* Step2.storyboard in Resources */ = {isa = PBXBuildFile; fileRef = 9F5EAEFF21272B69003C38FA /* Step2.storyboard */; };
		9F5EAF0221272BD9003C38FA /* BanksViewController.swift in Sources */ = {isa = PBXBuildFile; fileRef = 9F5EAF0121272BD9003C38FA /* BanksViewController.swift */; };
		9F5EAF0421272C14003C38FA /* StepsViewController.swift in Sources */ = {isa = PBXBuildFile; fileRef = 9F5EAF0321272C14003C38FA /* StepsViewController.swift */; };
		9F5EAF0621272CE6003C38FA /* Step1.storyboard in Resources */ = {isa = PBXBuildFile; fileRef = 9F5EAF0521272CE6003C38FA /* Step1.storyboard */; };
		9F5EAF0821272D66003C38FA /* MainViewController.swift in Sources */ = {isa = PBXBuildFile; fileRef = 9F5EAF0721272D66003C38FA /* MainViewController.swift */; };
		9F5EAF0A21272FAE003C38FA /* Step3.storyboard in Resources */ = {isa = PBXBuildFile; fileRef = 9F5EAF0921272FAE003C38FA /* Step3.storyboard */; };
		9F5EAF0C2127308E003C38FA /* CoordinatorViewModel.swift in Sources */ = {isa = PBXBuildFile; fileRef = 9F5EAF0B2127308E003C38FA /* CoordinatorViewModel.swift */; };
		9F5EAF0E2127314F003C38FA /* BanksViewModel.swift in Sources */ = {isa = PBXBuildFile; fileRef = 9F5EAF0D2127314F003C38FA /* BanksViewModel.swift */; };
		9FAAA69621268F49009005DD /* Main.storyboard in Resources */ = {isa = PBXBuildFile; fileRef = 9FAAA69521268F49009005DD /* Main.storyboard */; };
		9FAAA69821268F82009005DD /* PaymentMethodsViewController.swift in Sources */ = {isa = PBXBuildFile; fileRef = 9FAAA69721268F82009005DD /* PaymentMethodsViewController.swift */; };
		9FAAA69A21268F9B009005DD /* MainViewModel.swift in Sources */ = {isa = PBXBuildFile; fileRef = 9FAAA69921268F9B009005DD /* MainViewModel.swift */; };
		9FAAA69C21269729009005DD /* SwiftyJSON.framework in Frameworks */ = {isa = PBXBuildFile; fileRef = 9FAAA69B21269729009005DD /* SwiftyJSON.framework */; };
		9FAAA69E2126972C009005DD /* SwiftyJSON.framework in Embed Frameworks */ = {isa = PBXBuildFile; fileRef = 9FAAA69B21269729009005DD /* SwiftyJSON.framework */; settings = {ATTRIBUTES = (CodeSignOnCopy, RemoveHeadersOnCopy, ); }; };
		9FAAA6A121269C3A009005DD /* UIImage.swift in Sources */ = {isa = PBXBuildFile; fileRef = 9FAAA6A021269C3A009005DD /* UIImage.swift */; };
		9FAAA6A321269C54009005DD /* Kingfisher.framework in Frameworks */ = {isa = PBXBuildFile; fileRef = 9FAAA6A221269C54009005DD /* Kingfisher.framework */; };
		9FAAA6A521269C58009005DD /* Kingfisher.framework in Embed Frameworks */ = {isa = PBXBuildFile; fileRef = 9FAAA6A221269C54009005DD /* Kingfisher.framework */; settings = {ATTRIBUTES = (CodeSignOnCopy, RemoveHeadersOnCopy, ); }; };
		9FAAA6A721269CEA009005DD /* CreditCardTableViewCell.swift in Sources */ = {isa = PBXBuildFile; fileRef = 9FAAA6A621269CEA009005DD /* CreditCardTableViewCell.swift */; };
		E7F0D791DE228C9E5CE12DDD /* Pods_MercadoPago.framework in Frameworks */ = {isa = PBXBuildFile; fileRef = 2373F31D194159A8965834A4 /* Pods_MercadoPago.framework */; };
/* End PBXBuildFile section */

/* Begin PBXContainerItemProxy section */
		9F3658CE2125ECF100A917C6 /* PBXContainerItemProxy */ = {
			isa = PBXContainerItemProxy;
			containerPortal = 9F3658B12125ECEF00A917C6 /* Project object */;
			proxyType = 1;
			remoteGlobalIDString = 9F3658B82125ECEF00A917C6;
			remoteInfo = MercadoPago;
		};
		9F3658D92125ECF100A917C6 /* PBXContainerItemProxy */ = {
			isa = PBXContainerItemProxy;
			containerPortal = 9F3658B12125ECEF00A917C6 /* Project object */;
			proxyType = 1;
			remoteGlobalIDString = 9F3658B82125ECEF00A917C6;
			remoteInfo = MercadoPago;
		};
/* End PBXContainerItemProxy section */

/* Begin PBXCopyFilesBuildPhase section */
		9FAAA69F2126972C009005DD /* Embed Frameworks */ = {
			isa = PBXCopyFilesBuildPhase;
			buildActionMask = 2147483647;
			dstPath = "";
			dstSubfolderSpec = 10;
			files = (
				9FAAA6A521269C58009005DD /* Kingfisher.framework in Embed Frameworks */,
				9FAAA69E2126972C009005DD /* SwiftyJSON.framework in Embed Frameworks */,
			);
			name = "Embed Frameworks";
			runOnlyForDeploymentPostprocessing = 0;
		};
/* End PBXCopyFilesBuildPhase section */

/* Begin PBXFileReference section */
		0D4119C09BD318BF8388EC42 /* Pods-MercadoPagoUITests.release.xcconfig */ = {isa = PBXFileReference; includeInIndex = 1; lastKnownFileType = text.xcconfig; name = "Pods-MercadoPagoUITests.release.xcconfig"; path = "Pods/Target Support Files/Pods-MercadoPagoUITests/Pods-MercadoPagoUITests.release.xcconfig"; sourceTree = "<group>"; };
		2373F31D194159A8965834A4 /* Pods_MercadoPago.framework */ = {isa = PBXFileReference; explicitFileType = wrapper.framework; includeInIndex = 0; path = Pods_MercadoPago.framework; sourceTree = BUILT_PRODUCTS_DIR; };
		455CB00A0701DA095E45B304 /* Pods-MercadoPago.release.xcconfig */ = {isa = PBXFileReference; includeInIndex = 1; lastKnownFileType = text.xcconfig; name = "Pods-MercadoPago.release.xcconfig"; path = "Pods/Target Support Files/Pods-MercadoPago/Pods-MercadoPago.release.xcconfig"; sourceTree = "<group>"; };
		5074D50F06CC3D70841302E1 /* Pods-MercadoPagoUITests.debug.xcconfig */ = {isa = PBXFileReference; includeInIndex = 1; lastKnownFileType = text.xcconfig; name = "Pods-MercadoPagoUITests.debug.xcconfig"; path = "Pods/Target Support Files/Pods-MercadoPagoUITests/Pods-MercadoPagoUITests.debug.xcconfig"; sourceTree = "<group>"; };
		60219A57DF607E780B4AC2DA /* Pods-MercadoPago.debug.xcconfig */ = {isa = PBXFileReference; includeInIndex = 1; lastKnownFileType = text.xcconfig; name = "Pods-MercadoPago.debug.xcconfig"; path = "Pods/Target Support Files/Pods-MercadoPago/Pods-MercadoPago.debug.xcconfig"; sourceTree = "<group>"; };
		8CE5FB1FD42B2A865230511E /* Pods_MercadoPagoUITests.framework */ = {isa = PBXFileReference; explicitFileType = wrapper.framework; includeInIndex = 0; path = Pods_MercadoPagoUITests.framework; sourceTree = BUILT_PRODUCTS_DIR; };
		92E612EF36CD0CD3F11DFA43 /* Pods-MercadoPagoTests.release.xcconfig */ = {isa = PBXFileReference; includeInIndex = 1; lastKnownFileType = text.xcconfig; name = "Pods-MercadoPagoTests.release.xcconfig"; path = "Pods/Target Support Files/Pods-MercadoPagoTests/Pods-MercadoPagoTests.release.xcconfig"; sourceTree = "<group>"; };
		9F2A3A7721267F6E0076770E /* CreditCard.swift */ = {isa = PBXFileReference; lastKnownFileType = sourcecode.swift; path = CreditCard.swift; sourceTree = "<group>"; };
		9F2A3A79212680A90076770E /* Bank.swift */ = {isa = PBXFileReference; lastKnownFileType = sourcecode.swift; path = Bank.swift; sourceTree = "<group>"; };
		9F2A3A7D212681B10076770E /* Api.swift */ = {isa = PBXFileReference; lastKnownFileType = sourcecode.swift; path = Api.swift; sourceTree = "<group>"; };
		9F2A3A7F2126876D0076770E /* ApiDefinition.swift */ = {isa = PBXFileReference; lastKnownFileType = sourcecode.swift; path = ApiDefinition.swift; sourceTree = "<group>"; };
		9F2A3A8521268D990076770E /* Mapper.swift */ = {isa = PBXFileReference; lastKnownFileType = sourcecode.swift; path = Mapper.swift; sourceTree = "<group>"; };
		9F3658B92125ECEF00A917C6 /* MercadoPago.app */ = {isa = PBXFileReference; explicitFileType = wrapper.application; includeInIndex = 0; path = MercadoPago.app; sourceTree = BUILT_PRODUCTS_DIR; };
		9F3658BC2125ECEF00A917C6 /* AppDelegate.swift */ = {isa = PBXFileReference; lastKnownFileType = sourcecode.swift; path = AppDelegate.swift; sourceTree = "<group>"; };
		9F3658C32125ECF100A917C6 /* Assets.xcassets */ = {isa = PBXFileReference; lastKnownFileType = folder.assetcatalog; path = Assets.xcassets; sourceTree = "<group>"; };
		9F3658C62125ECF100A917C6 /* Base */ = {isa = PBXFileReference; lastKnownFileType = file.storyboard; name = Base; path = Base.lproj/LaunchScreen.storyboard; sourceTree = "<group>"; };
		9F3658C82125ECF100A917C6 /* Info.plist */ = {isa = PBXFileReference; lastKnownFileType = text.plist.xml; path = Info.plist; sourceTree = "<group>"; };
		9F3658CD2125ECF100A917C6 /* MercadoPagoTests.xctest */ = {isa = PBXFileReference; explicitFileType = wrapper.cfbundle; includeInIndex = 0; path = MercadoPagoTests.xctest; sourceTree = BUILT_PRODUCTS_DIR; };
		9F3658D12125ECF100A917C6 /* MercadoPagoTests.swift */ = {isa = PBXFileReference; lastKnownFileType = sourcecode.swift; path = MercadoPagoTests.swift; sourceTree = "<group>"; };
		9F3658D32125ECF100A917C6 /* Info.plist */ = {isa = PBXFileReference; lastKnownFileType = text.plist.xml; path = Info.plist; sourceTree = "<group>"; };
		9F3658D82125ECF100A917C6 /* MercadoPagoUITests.xctest */ = {isa = PBXFileReference; explicitFileType = wrapper.cfbundle; includeInIndex = 0; path = MercadoPagoUITests.xctest; sourceTree = BUILT_PRODUCTS_DIR; };
		9F3658DC2125ECF100A917C6 /* MercadoPagoUITests.swift */ = {isa = PBXFileReference; lastKnownFileType = sourcecode.swift; path = MercadoPagoUITests.swift; sourceTree = "<group>"; };
		9F3658DE2125ECF100A917C6 /* Info.plist */ = {isa = PBXFileReference; lastKnownFileType = text.plist.xml; path = Info.plist; sourceTree = "<group>"; };
		9F3658EA2125EDB600A917C6 /* Cartfile */ = {isa = PBXFileReference; fileEncoding = 4; lastKnownFileType = text; path = Cartfile; sourceTree = "<group>"; };
		9F3658EC2125EDC200A917C6 /* .swiftlint.yml */ = {isa = PBXFileReference; fileEncoding = 4; lastKnownFileType = text; path = .swiftlint.yml; sourceTree = "<group>"; };
		9F5EAEFD212726F3003C38FA /* Color.swift */ = {isa = PBXFileReference; lastKnownFileType = sourcecode.swift; path = Color.swift; sourceTree = "<group>"; };
		9F5EAEFF21272B69003C38FA /* Step2.storyboard */ = {isa = PBXFileReference; lastKnownFileType = file.storyboard; path = Step2.storyboard; sourceTree = "<group>"; };
		9F5EAF0121272BD9003C38FA /* BanksViewController.swift */ = {isa = PBXFileReference; lastKnownFileType = sourcecode.swift; path = BanksViewController.swift; sourceTree = "<group>"; };
		9F5EAF0321272C14003C38FA /* StepsViewController.swift */ = {isa = PBXFileReference; lastKnownFileType = sourcecode.swift; path = StepsViewController.swift; sourceTree = "<group>"; };
		9F5EAF0521272CE6003C38FA /* Step1.storyboard */ = {isa = PBXFileReference; lastKnownFileType = file.storyboard; path = Step1.storyboard; sourceTree = "<group>"; };
		9F5EAF0721272D66003C38FA /* MainViewController.swift */ = {isa = PBXFileReference; lastKnownFileType = sourcecode.swift; path = MainViewController.swift; sourceTree = "<group>"; };
		9F5EAF0921272FAE003C38FA /* Step3.storyboard */ = {isa = PBXFileReference; lastKnownFileType = file.storyboard; path = Step3.storyboard; sourceTree = "<group>"; };
		9F5EAF0B2127308E003C38FA /* CoordinatorViewModel.swift */ = {isa = PBXFileReference; lastKnownFileType = sourcecode.swift; path = CoordinatorViewModel.swift; sourceTree = "<group>"; };
		9F5EAF0D2127314F003C38FA /* BanksViewModel.swift */ = {isa = PBXFileReference; lastKnownFileType = sourcecode.swift; path = BanksViewModel.swift; sourceTree = "<group>"; };
		9FAAA69521268F49009005DD /* Main.storyboard */ = {isa = PBXFileReference; lastKnownFileType = file.storyboard; path = Main.storyboard; sourceTree = "<group>"; };
		9FAAA69721268F82009005DD /* PaymentMethodsViewController.swift */ = {isa = PBXFileReference; lastKnownFileType = sourcecode.swift; path = PaymentMethodsViewController.swift; sourceTree = "<group>"; };
		9FAAA69921268F9B009005DD /* MainViewModel.swift */ = {isa = PBXFileReference; lastKnownFileType = sourcecode.swift; path = MainViewModel.swift; sourceTree = "<group>"; };
		9FAAA69B21269729009005DD /* SwiftyJSON.framework */ = {isa = PBXFileReference; lastKnownFileType = wrapper.framework; name = SwiftyJSON.framework; path = Carthage/Build/iOS/SwiftyJSON.framework; sourceTree = "<group>"; };
		9FAAA6A021269C3A009005DD /* UIImage.swift */ = {isa = PBXFileReference; lastKnownFileType = sourcecode.swift; path = UIImage.swift; sourceTree = "<group>"; };
		9FAAA6A221269C54009005DD /* Kingfisher.framework */ = {isa = PBXFileReference; lastKnownFileType = wrapper.framework; name = Kingfisher.framework; path = Carthage/Build/iOS/Kingfisher.framework; sourceTree = "<group>"; };
		9FAAA6A621269CEA009005DD /* CreditCardTableViewCell.swift */ = {isa = PBXFileReference; lastKnownFileType = sourcecode.swift; path = CreditCardTableViewCell.swift; sourceTree = "<group>"; };
		B6C01044A4E05DF944E25575 /* Pods_MercadoPagoTests.framework */ = {isa = PBXFileReference; explicitFileType = wrapper.framework; includeInIndex = 0; path = Pods_MercadoPagoTests.framework; sourceTree = BUILT_PRODUCTS_DIR; };
		BF456A3C08DF4B89E379CE73 /* Pods-MercadoPagoTests.debug.xcconfig */ = {isa = PBXFileReference; includeInIndex = 1; lastKnownFileType = text.xcconfig; name = "Pods-MercadoPagoTests.debug.xcconfig"; path = "Pods/Target Support Files/Pods-MercadoPagoTests/Pods-MercadoPagoTests.debug.xcconfig"; sourceTree = "<group>"; };
/* End PBXFileReference section */

/* Begin PBXFrameworksBuildPhase section */
		9F3658B62125ECEF00A917C6 /* Frameworks */ = {
			isa = PBXFrameworksBuildPhase;
			buildActionMask = 2147483647;
			files = (
				9FAAA6A321269C54009005DD /* Kingfisher.framework in Frameworks */,
				E7F0D791DE228C9E5CE12DDD /* Pods_MercadoPago.framework in Frameworks */,
				9FAAA69C21269729009005DD /* SwiftyJSON.framework in Frameworks */,
			);
			runOnlyForDeploymentPostprocessing = 0;
		};
		9F3658CA2125ECF100A917C6 /* Frameworks */ = {
			isa = PBXFrameworksBuildPhase;
			buildActionMask = 2147483647;
			files = (
				0F9EC626EB53AEA5290E2A87 /* Pods_MercadoPagoTests.framework in Frameworks */,
			);
			runOnlyForDeploymentPostprocessing = 0;
		};
		9F3658D52125ECF100A917C6 /* Frameworks */ = {
			isa = PBXFrameworksBuildPhase;
			buildActionMask = 2147483647;
			files = (
				70FAAEBA5B9D0F94F8299097 /* Pods_MercadoPagoUITests.framework in Frameworks */,
			);
			runOnlyForDeploymentPostprocessing = 0;
		};
/* End PBXFrameworksBuildPhase section */

/* Begin PBXGroup section */
		86A440A7AC842657AEB4B119 /* Frameworks */ = {
			isa = PBXGroup;
			children = (
				9FAAA6A221269C54009005DD /* Kingfisher.framework */,
				9FAAA69B21269729009005DD /* SwiftyJSON.framework */,
				2373F31D194159A8965834A4 /* Pods_MercadoPago.framework */,
				B6C01044A4E05DF944E25575 /* Pods_MercadoPagoTests.framework */,
				8CE5FB1FD42B2A865230511E /* Pods_MercadoPagoUITests.framework */,
			);
			name = Frameworks;
			sourceTree = "<group>";
		};
		9F2A3A6E21267EAE0076770E /* Application */ = {
			isa = PBXGroup;
			children = (
				9F2A3A7C212681A10076770E /* Api */,
				9F2A3A7021267EC30076770E /* Resources */,
				9F2A3A7421267EF50076770E /* Services */,
				9F2A3A7321267EEF0076770E /* Models */,
				9F2A3A7221267EE90076770E /* View */,
			);
			path = Application;
			sourceTree = "<group>";
		};
		9F2A3A6F21267EBA0076770E /* Base */ = {
			isa = PBXGroup;
			children = (
				9F3658C52125ECF100A917C6 /* LaunchScreen.storyboard */,
				9F3658BC2125ECEF00A917C6 /* AppDelegate.swift */,
				9F3658C82125ECF100A917C6 /* Info.plist */,
			);
			path = Base;
			sourceTree = "<group>";
		};
		9F2A3A7021267EC30076770E /* Resources */ = {
			isa = PBXGroup;
			children = (
				9F2A3A7521267F110076770E /* Images */,
				9F5EAEFD212726F3003C38FA /* Color.swift */,
			);
			path = Resources;
			sourceTree = "<group>";
		};
		9F2A3A7121267ECD0076770E /* Extensions */ = {
			isa = PBXGroup;
			children = (
				9F2A3A8521268D990076770E /* Mapper.swift */,
				9FAAA6A021269C3A009005DD /* UIImage.swift */,
			);
			path = Extensions;
			sourceTree = "<group>";
		};
		9F2A3A7221267EE90076770E /* View */ = {
			isa = PBXGroup;
			children = (
				9FAAA69421268F40009005DD /* Main */,
				9F2A3A8321268BBB0076770E /* Step3 */,
				9F2A3A8221268BB60076770E /* Step2 */,
				9F2A3A8121268BAC0076770E /* Step1 */,
			);
			path = View;
			sourceTree = "<group>";
		};
		9F2A3A7321267EEF0076770E /* Models */ = {
			isa = PBXGroup;
			children = (
				9F2A3A7721267F6E0076770E /* CreditCard.swift */,
				9F2A3A79212680A90076770E /* Bank.swift */,
			);
			path = Models;
			sourceTree = "<group>";
		};
		9F2A3A7421267EF50076770E /* Services */ = {
			isa = PBXGroup;
			children = (
			);
			path = Services;
			sourceTree = "<group>";
		};
		9F2A3A7521267F110076770E /* Images */ = {
			isa = PBXGroup;
			children = (
				9F3658C32125ECF100A917C6 /* Assets.xcassets */,
			);
			path = Images;
			sourceTree = "<group>";
		};
		9F2A3A7C212681A10076770E /* Api */ = {
			isa = PBXGroup;
			children = (
				9F2A3A7D212681B10076770E /* Api.swift */,
				9F2A3A7F2126876D0076770E /* ApiDefinition.swift */,
			);
			path = Api;
			sourceTree = "<group>";
		};
		9F2A3A8121268BAC0076770E /* Step1 */ = {
			isa = PBXGroup;
			children = (
				9FAAA69721268F82009005DD /* PaymentMethodsViewController.swift */,
				9FAAA69921268F9B009005DD /* MainViewModel.swift */,
				9FAAA6A621269CEA009005DD /* CreditCardTableViewCell.swift */,
				9F5EAF0521272CE6003C38FA /* Step1.storyboard */,
			);
			path = Step1;
			sourceTree = "<group>";
		};
		9F2A3A8221268BB60076770E /* Step2 */ = {
			isa = PBXGroup;
			children = (
				9F5EAEFF21272B69003C38FA /* Step2.storyboard */,
				9F5EAF0121272BD9003C38FA /* BanksViewController.swift */,
				9F5EAF0D2127314F003C38FA /* BanksViewModel.swift */,
			);
			path = Step2;
			sourceTree = "<group>";
		};
		9F2A3A8321268BBB0076770E /* Step3 */ = {
			isa = PBXGroup;
			children = (
				9F5EAF0921272FAE003C38FA /* Step3.storyboard */,
			);
			path = Step3;
			sourceTree = "<group>";
		};
		9F3658B02125ECEF00A917C6 = {
			isa = PBXGroup;
			children = (
				9F3658EC2125EDC200A917C6 /* .swiftlint.yml */,
				9F3658EA2125EDB600A917C6 /* Cartfile */,
				9F3658BB2125ECEF00A917C6 /* MercadoPago */,
				9F3658D02125ECF100A917C6 /* MercadoPagoTests */,
				9F3658DB2125ECF100A917C6 /* MercadoPagoUITests */,
				9F3658BA2125ECEF00A917C6 /* Products */,
				F4948E7A70A785DB2EDCA18C /* Pods */,
				86A440A7AC842657AEB4B119 /* Frameworks */,
			);
			sourceTree = "<group>";
		};
		9F3658BA2125ECEF00A917C6 /* Products */ = {
			isa = PBXGroup;
			children = (
				9F3658B92125ECEF00A917C6 /* MercadoPago.app */,
				9F3658CD2125ECF100A917C6 /* MercadoPagoTests.xctest */,
				9F3658D82125ECF100A917C6 /* MercadoPagoUITests.xctest */,
			);
			name = Products;
			sourceTree = "<group>";
		};
		9F3658BB2125ECEF00A917C6 /* MercadoPago */ = {
			isa = PBXGroup;
			children = (
				9F2A3A7121267ECD0076770E /* Extensions */,
				9F2A3A6F21267EBA0076770E /* Base */,
				9F2A3A6E21267EAE0076770E /* Application */,
			);
			path = MercadoPago;
			sourceTree = "<group>";
		};
		9F3658D02125ECF100A917C6 /* MercadoPagoTests */ = {
			isa = PBXGroup;
			children = (
				9F3658D12125ECF100A917C6 /* MercadoPagoTests.swift */,
				9F3658D32125ECF100A917C6 /* Info.plist */,
			);
			path = MercadoPagoTests;
			sourceTree = "<group>";
		};
		9F3658DB2125ECF100A917C6 /* MercadoPagoUITests */ = {
			isa = PBXGroup;
			children = (
				9F3658DC2125ECF100A917C6 /* MercadoPagoUITests.swift */,
				9F3658DE2125ECF100A917C6 /* Info.plist */,
			);
			path = MercadoPagoUITests;
			sourceTree = "<group>";
		};
		9FAAA69421268F40009005DD /* Main */ = {
			isa = PBXGroup;
			children = (
				9FAAA69521268F49009005DD /* Main.storyboard */,
				9F5EAF0321272C14003C38FA /* StepsViewController.swift */,
				9F5EAF0721272D66003C38FA /* MainViewController.swift */,
				9F5EAF0B2127308E003C38FA /* CoordinatorViewModel.swift */,
			);
			path = Main;
			sourceTree = "<group>";
		};
		F4948E7A70A785DB2EDCA18C /* Pods */ = {
			isa = PBXGroup;
			children = (
				60219A57DF607E780B4AC2DA /* Pods-MercadoPago.debug.xcconfig */,
				455CB00A0701DA095E45B304 /* Pods-MercadoPago.release.xcconfig */,
				BF456A3C08DF4B89E379CE73 /* Pods-MercadoPagoTests.debug.xcconfig */,
				92E612EF36CD0CD3F11DFA43 /* Pods-MercadoPagoTests.release.xcconfig */,
				5074D50F06CC3D70841302E1 /* Pods-MercadoPagoUITests.debug.xcconfig */,
				0D4119C09BD318BF8388EC42 /* Pods-MercadoPagoUITests.release.xcconfig */,
			);
			name = Pods;
			sourceTree = "<group>";
		};
/* End PBXGroup section */

/* Begin PBXNativeTarget section */
		9F3658B82125ECEF00A917C6 /* MercadoPago */ = {
			isa = PBXNativeTarget;
			buildConfigurationList = 9F3658E12125ECF100A917C6 /* Build configuration list for PBXNativeTarget "MercadoPago" */;
			buildPhases = (
				906F20151AB2BDBB92E290B8 /* [CP] Check Pods Manifest.lock */,
				9F3658B52125ECEF00A917C6 /* Sources */,
				9F3658B62125ECEF00A917C6 /* Frameworks */,
				9F3658B72125ECEF00A917C6 /* Resources */,
				9F3658EE2125EE2300A917C6 /* Linter */,
				9FAAA69F2126972C009005DD /* Embed Frameworks */,
			);
			buildRules = (
			);
			dependencies = (
			);
			name = MercadoPago;
			productName = MercadoPago;
			productReference = 9F3658B92125ECEF00A917C6 /* MercadoPago.app */;
			productType = "com.apple.product-type.application";
		};
		9F3658CC2125ECF100A917C6 /* MercadoPagoTests */ = {
			isa = PBXNativeTarget;
			buildConfigurationList = 9F3658E42125ECF100A917C6 /* Build configuration list for PBXNativeTarget "MercadoPagoTests" */;
			buildPhases = (
				03DAD7FDC4A4CDD98FA9B097 /* [CP] Check Pods Manifest.lock */,
				9F3658C92125ECF100A917C6 /* Sources */,
				9F3658CA2125ECF100A917C6 /* Frameworks */,
				9F3658CB2125ECF100A917C6 /* Resources */,
			);
			buildRules = (
			);
			dependencies = (
				9F3658CF2125ECF100A917C6 /* PBXTargetDependency */,
			);
			name = MercadoPagoTests;
			productName = MercadoPagoTests;
			productReference = 9F3658CD2125ECF100A917C6 /* MercadoPagoTests.xctest */;
			productType = "com.apple.product-type.bundle.unit-test";
		};
		9F3658D72125ECF100A917C6 /* MercadoPagoUITests */ = {
			isa = PBXNativeTarget;
			buildConfigurationList = 9F3658E72125ECF100A917C6 /* Build configuration list for PBXNativeTarget "MercadoPagoUITests" */;
			buildPhases = (
				BB0165796198811A10CC8DB1 /* [CP] Check Pods Manifest.lock */,
				9F3658D42125ECF100A917C6 /* Sources */,
				9F3658D52125ECF100A917C6 /* Frameworks */,
				9F3658D62125ECF100A917C6 /* Resources */,
			);
			buildRules = (
			);
			dependencies = (
				9F3658DA2125ECF100A917C6 /* PBXTargetDependency */,
			);
			name = MercadoPagoUITests;
			productName = MercadoPagoUITests;
			productReference = 9F3658D82125ECF100A917C6 /* MercadoPagoUITests.xctest */;
			productType = "com.apple.product-type.bundle.ui-testing";
		};
/* End PBXNativeTarget section */

/* Begin PBXProject section */
		9F3658B12125ECEF00A917C6 /* Project object */ = {
			isa = PBXProject;
			attributes = {
				LastSwiftUpdateCheck = 0940;
				LastUpgradeCheck = 0940;
				ORGANIZATIONNAME = "Andres Silva";
				TargetAttributes = {
					9F3658B82125ECEF00A917C6 = {
						CreatedOnToolsVersion = 9.4.1;
					};
					9F3658CC2125ECF100A917C6 = {
						CreatedOnToolsVersion = 9.4.1;
						TestTargetID = 9F3658B82125ECEF00A917C6;
					};
					9F3658D72125ECF100A917C6 = {
						CreatedOnToolsVersion = 9.4.1;
						TestTargetID = 9F3658B82125ECEF00A917C6;
					};
				};
			};
			buildConfigurationList = 9F3658B42125ECEF00A917C6 /* Build configuration list for PBXProject "MercadoPago" */;
			compatibilityVersion = "Xcode 9.3";
			developmentRegion = en;
			hasScannedForEncodings = 0;
			knownRegions = (
				en,
				Base,
			);
			mainGroup = 9F3658B02125ECEF00A917C6;
			productRefGroup = 9F3658BA2125ECEF00A917C6 /* Products */;
			projectDirPath = "";
			projectRoot = "";
			targets = (
				9F3658B82125ECEF00A917C6 /* MercadoPago */,
				9F3658CC2125ECF100A917C6 /* MercadoPagoTests */,
				9F3658D72125ECF100A917C6 /* MercadoPagoUITests */,
			);
		};
/* End PBXProject section */

/* Begin PBXResourcesBuildPhase section */
		9F3658B72125ECEF00A917C6 /* Resources */ = {
			isa = PBXResourcesBuildPhase;
			buildActionMask = 2147483647;
			files = (
				9F3658ED2125EDC200A917C6 /* .swiftlint.yml in Resources */,
				9F5EAF0021272B69003C38FA /* Step2.storyboard in Resources */,
				9F5EAF0621272CE6003C38FA /* Step1.storyboard in Resources */,
				9FAAA69621268F49009005DD /* Main.storyboard in Resources */,
				9F3658C72125ECF100A917C6 /* LaunchScreen.storyboard in Resources */,
				9F3658C42125ECF100A917C6 /* Assets.xcassets in Resources */,
				9F5EAF0A21272FAE003C38FA /* Step3.storyboard in Resources */,
				9F3658EB2125EDB600A917C6 /* Cartfile in Resources */,
			);
			runOnlyForDeploymentPostprocessing = 0;
		};
		9F3658CB2125ECF100A917C6 /* Resources */ = {
			isa = PBXResourcesBuildPhase;
			buildActionMask = 2147483647;
			files = (
			);
			runOnlyForDeploymentPostprocessing = 0;
		};
		9F3658D62125ECF100A917C6 /* Resources */ = {
			isa = PBXResourcesBuildPhase;
			buildActionMask = 2147483647;
			files = (
			);
			runOnlyForDeploymentPostprocessing = 0;
		};
/* End PBXResourcesBuildPhase section */

/* Begin PBXShellScriptBuildPhase section */
		03DAD7FDC4A4CDD98FA9B097 /* [CP] Check Pods Manifest.lock */ = {
			isa = PBXShellScriptBuildPhase;
			buildActionMask = 2147483647;
			files = (
			);
			inputPaths = (
				"${PODS_PODFILE_DIR_PATH}/Podfile.lock",
				"${PODS_ROOT}/Manifest.lock",
			);
			name = "[CP] Check Pods Manifest.lock";
			outputPaths = (
				"$(DERIVED_FILE_DIR)/Pods-MercadoPagoTests-checkManifestLockResult.txt",
			);
			runOnlyForDeploymentPostprocessing = 0;
			shellPath = /bin/sh;
			shellScript = "diff \"${PODS_PODFILE_DIR_PATH}/Podfile.lock\" \"${PODS_ROOT}/Manifest.lock\" > /dev/null\nif [ $? != 0 ] ; then\n    # print error to STDERR\n    echo \"error: The sandbox is not in sync with the Podfile.lock. Run 'pod install' or update your CocoaPods installation.\" >&2\n    exit 1\nfi\n# This output is used by Xcode 'outputs' to avoid re-running this script phase.\necho \"SUCCESS\" > \"${SCRIPT_OUTPUT_FILE_0}\"\n";
			showEnvVarsInLog = 0;
		};
		906F20151AB2BDBB92E290B8 /* [CP] Check Pods Manifest.lock */ = {
			isa = PBXShellScriptBuildPhase;
			buildActionMask = 2147483647;
			files = (
			);
			inputPaths = (
				"${PODS_PODFILE_DIR_PATH}/Podfile.lock",
				"${PODS_ROOT}/Manifest.lock",
			);
			name = "[CP] Check Pods Manifest.lock";
			outputPaths = (
				"$(DERIVED_FILE_DIR)/Pods-MercadoPago-checkManifestLockResult.txt",
			);
			runOnlyForDeploymentPostprocessing = 0;
			shellPath = /bin/sh;
			shellScript = "diff \"${PODS_PODFILE_DIR_PATH}/Podfile.lock\" \"${PODS_ROOT}/Manifest.lock\" > /dev/null\nif [ $? != 0 ] ; then\n    # print error to STDERR\n    echo \"error: The sandbox is not in sync with the Podfile.lock. Run 'pod install' or update your CocoaPods installation.\" >&2\n    exit 1\nfi\n# This output is used by Xcode 'outputs' to avoid re-running this script phase.\necho \"SUCCESS\" > \"${SCRIPT_OUTPUT_FILE_0}\"\n";
			showEnvVarsInLog = 0;
		};
		9F3658EE2125EE2300A917C6 /* Linter */ = {
			isa = PBXShellScriptBuildPhase;
			buildActionMask = 2147483647;
			files = (
			);
			inputPaths = (
			);
			name = Linter;
			outputPaths = (
			);
			runOnlyForDeploymentPostprocessing = 0;
			shellPath = /bin/sh;
			shellScript = "if which swiftlint >/dev/null; then\n    swiftlint autocorrect\n    swiftlint\nelse\necho \"warning: SwiftLint not installed, download from https://github.com/realm/SwiftLint\"\nfi";
		};
		BB0165796198811A10CC8DB1 /* [CP] Check Pods Manifest.lock */ = {
			isa = PBXShellScriptBuildPhase;
			buildActionMask = 2147483647;
			files = (
			);
			inputPaths = (
				"${PODS_PODFILE_DIR_PATH}/Podfile.lock",
				"${PODS_ROOT}/Manifest.lock",
			);
			name = "[CP] Check Pods Manifest.lock";
			outputPaths = (
				"$(DERIVED_FILE_DIR)/Pods-MercadoPagoUITests-checkManifestLockResult.txt",
			);
			runOnlyForDeploymentPostprocessing = 0;
			shellPath = /bin/sh;
			shellScript = "diff \"${PODS_PODFILE_DIR_PATH}/Podfile.lock\" \"${PODS_ROOT}/Manifest.lock\" > /dev/null\nif [ $? != 0 ] ; then\n    # print error to STDERR\n    echo \"error: The sandbox is not in sync with the Podfile.lock. Run 'pod install' or update your CocoaPods installation.\" >&2\n    exit 1\nfi\n# This output is used by Xcode 'outputs' to avoid re-running this script phase.\necho \"SUCCESS\" > \"${SCRIPT_OUTPUT_FILE_0}\"\n";
			showEnvVarsInLog = 0;
		};
/* End PBXShellScriptBuildPhase section */

/* Begin PBXSourcesBuildPhase section */
		9F3658B52125ECEF00A917C6 /* Sources */ = {
			isa = PBXSourcesBuildPhase;
			buildActionMask = 2147483647;
			files = (
				9FAAA69821268F82009005DD /* PaymentMethodsViewController.swift in Sources */,
				9F2A3A802126876D0076770E /* ApiDefinition.swift in Sources */,
				9F5EAEFE212726F3003C38FA /* Color.swift in Sources */,
				9F2A3A7821267F6E0076770E /* CreditCard.swift in Sources */,
				9F2A3A7A212680A90076770E /* Bank.swift in Sources */,
				9F2A3A7E212681B10076770E /* Api.swift in Sources */,
				9F5EAF0C2127308E003C38FA /* CoordinatorViewModel.swift in Sources */,
				9F2A3A8621268D990076770E /* Mapper.swift in Sources */,
				9F5EAF0821272D66003C38FA /* MainViewController.swift in Sources */,
				9FAAA6A121269C3A009005DD /* UIImage.swift in Sources */,
				9F5EAF0E2127314F003C38FA /* BanksViewModel.swift in Sources */,
				9F5EAF0421272C14003C38FA /* StepsViewController.swift in Sources */,
				9F3658BD2125ECEF00A917C6 /* AppDelegate.swift in Sources */,
				9FAAA6A721269CEA009005DD /* CreditCardTableViewCell.swift in Sources */,
				9F5EAF0221272BD9003C38FA /* BanksViewController.swift in Sources */,
				9FAAA69A21268F9B009005DD /* MainViewModel.swift in Sources */,
			);
			runOnlyForDeploymentPostprocessing = 0;
		};
		9F3658C92125ECF100A917C6 /* Sources */ = {
			isa = PBXSourcesBuildPhase;
			buildActionMask = 2147483647;
			files = (
				9F3658D22125ECF100A917C6 /* MercadoPagoTests.swift in Sources */,
			);
			runOnlyForDeploymentPostprocessing = 0;
		};
		9F3658D42125ECF100A917C6 /* Sources */ = {
			isa = PBXSourcesBuildPhase;
			buildActionMask = 2147483647;
			files = (
				9F3658DD2125ECF100A917C6 /* MercadoPagoUITests.swift in Sources */,
			);
			runOnlyForDeploymentPostprocessing = 0;
		};
/* End PBXSourcesBuildPhase section */

/* Begin PBXTargetDependency section */
		9F3658CF2125ECF100A917C6 /* PBXTargetDependency */ = {
			isa = PBXTargetDependency;
			target = 9F3658B82125ECEF00A917C6 /* MercadoPago */;
			targetProxy = 9F3658CE2125ECF100A917C6 /* PBXContainerItemProxy */;
		};
		9F3658DA2125ECF100A917C6 /* PBXTargetDependency */ = {
			isa = PBXTargetDependency;
			target = 9F3658B82125ECEF00A917C6 /* MercadoPago */;
			targetProxy = 9F3658D92125ECF100A917C6 /* PBXContainerItemProxy */;
		};
/* End PBXTargetDependency section */

/* Begin PBXVariantGroup section */
		9F3658C52125ECF100A917C6 /* LaunchScreen.storyboard */ = {
			isa = PBXVariantGroup;
			children = (
				9F3658C62125ECF100A917C6 /* Base */,
			);
			name = LaunchScreen.storyboard;
			sourceTree = "<group>";
		};
/* End PBXVariantGroup section */

/* Begin XCBuildConfiguration section */
		9F3658DF2125ECF100A917C6 /* Debug */ = {
			isa = XCBuildConfiguration;
			buildSettings = {
				ALWAYS_SEARCH_USER_PATHS = NO;
				CLANG_ANALYZER_NONNULL = YES;
				CLANG_ANALYZER_NUMBER_OBJECT_CONVERSION = YES_AGGRESSIVE;
				CLANG_CXX_LANGUAGE_STANDARD = "gnu++14";
				CLANG_CXX_LIBRARY = "libc++";
				CLANG_ENABLE_MODULES = YES;
				CLANG_ENABLE_OBJC_ARC = YES;
				CLANG_ENABLE_OBJC_WEAK = YES;
				CLANG_WARN_BLOCK_CAPTURE_AUTORELEASING = YES;
				CLANG_WARN_BOOL_CONVERSION = YES;
				CLANG_WARN_COMMA = YES;
				CLANG_WARN_CONSTANT_CONVERSION = YES;
				CLANG_WARN_DEPRECATED_OBJC_IMPLEMENTATIONS = YES;
				CLANG_WARN_DIRECT_OBJC_ISA_USAGE = YES_ERROR;
				CLANG_WARN_DOCUMENTATION_COMMENTS = YES;
				CLANG_WARN_EMPTY_BODY = YES;
				CLANG_WARN_ENUM_CONVERSION = YES;
				CLANG_WARN_INFINITE_RECURSION = YES;
				CLANG_WARN_INT_CONVERSION = YES;
				CLANG_WARN_NON_LITERAL_NULL_CONVERSION = YES;
				CLANG_WARN_OBJC_IMPLICIT_RETAIN_SELF = YES;
				CLANG_WARN_OBJC_LITERAL_CONVERSION = YES;
				CLANG_WARN_OBJC_ROOT_CLASS = YES_ERROR;
				CLANG_WARN_RANGE_LOOP_ANALYSIS = YES;
				CLANG_WARN_STRICT_PROTOTYPES = YES;
				CLANG_WARN_SUSPICIOUS_MOVE = YES;
				CLANG_WARN_UNGUARDED_AVAILABILITY = YES_AGGRESSIVE;
				CLANG_WARN_UNREACHABLE_CODE = YES;
				CLANG_WARN__DUPLICATE_METHOD_MATCH = YES;
				CODE_SIGN_IDENTITY = "iPhone Developer";
				COPY_PHASE_STRIP = NO;
				DEBUG_INFORMATION_FORMAT = dwarf;
				ENABLE_STRICT_OBJC_MSGSEND = YES;
				ENABLE_TESTABILITY = YES;
				GCC_C_LANGUAGE_STANDARD = gnu11;
				GCC_DYNAMIC_NO_PIC = NO;
				GCC_NO_COMMON_BLOCKS = YES;
				GCC_OPTIMIZATION_LEVEL = 0;
				GCC_PREPROCESSOR_DEFINITIONS = (
					"DEBUG=1",
					"$(inherited)",
				);
				GCC_WARN_64_TO_32_BIT_CONVERSION = YES;
				GCC_WARN_ABOUT_RETURN_TYPE = YES_ERROR;
				GCC_WARN_UNDECLARED_SELECTOR = YES;
				GCC_WARN_UNINITIALIZED_AUTOS = YES_AGGRESSIVE;
				GCC_WARN_UNUSED_FUNCTION = YES;
				GCC_WARN_UNUSED_VARIABLE = YES;
				IPHONEOS_DEPLOYMENT_TARGET = 11.4;
				MTL_ENABLE_DEBUG_INFO = YES;
				ONLY_ACTIVE_ARCH = YES;
				SDKROOT = iphoneos;
				SWIFT_ACTIVE_COMPILATION_CONDITIONS = DEBUG;
				SWIFT_OPTIMIZATION_LEVEL = "-Onone";
			};
			name = Debug;
		};
		9F3658E02125ECF100A917C6 /* Release */ = {
			isa = XCBuildConfiguration;
			buildSettings = {
				ALWAYS_SEARCH_USER_PATHS = NO;
				CLANG_ANALYZER_NONNULL = YES;
				CLANG_ANALYZER_NUMBER_OBJECT_CONVERSION = YES_AGGRESSIVE;
				CLANG_CXX_LANGUAGE_STANDARD = "gnu++14";
				CLANG_CXX_LIBRARY = "libc++";
				CLANG_ENABLE_MODULES = YES;
				CLANG_ENABLE_OBJC_ARC = YES;
				CLANG_ENABLE_OBJC_WEAK = YES;
				CLANG_WARN_BLOCK_CAPTURE_AUTORELEASING = YES;
				CLANG_WARN_BOOL_CONVERSION = YES;
				CLANG_WARN_COMMA = YES;
				CLANG_WARN_CONSTANT_CONVERSION = YES;
				CLANG_WARN_DEPRECATED_OBJC_IMPLEMENTATIONS = YES;
				CLANG_WARN_DIRECT_OBJC_ISA_USAGE = YES_ERROR;
				CLANG_WARN_DOCUMENTATION_COMMENTS = YES;
				CLANG_WARN_EMPTY_BODY = YES;
				CLANG_WARN_ENUM_CONVERSION = YES;
				CLANG_WARN_INFINITE_RECURSION = YES;
				CLANG_WARN_INT_CONVERSION = YES;
				CLANG_WARN_NON_LITERAL_NULL_CONVERSION = YES;
				CLANG_WARN_OBJC_IMPLICIT_RETAIN_SELF = YES;
				CLANG_WARN_OBJC_LITERAL_CONVERSION = YES;
				CLANG_WARN_OBJC_ROOT_CLASS = YES_ERROR;
				CLANG_WARN_RANGE_LOOP_ANALYSIS = YES;
				CLANG_WARN_STRICT_PROTOTYPES = YES;
				CLANG_WARN_SUSPICIOUS_MOVE = YES;
				CLANG_WARN_UNGUARDED_AVAILABILITY = YES_AGGRESSIVE;
				CLANG_WARN_UNREACHABLE_CODE = YES;
				CLANG_WARN__DUPLICATE_METHOD_MATCH = YES;
				CODE_SIGN_IDENTITY = "iPhone Developer";
				COPY_PHASE_STRIP = NO;
				DEBUG_INFORMATION_FORMAT = "dwarf-with-dsym";
				ENABLE_NS_ASSERTIONS = NO;
				ENABLE_STRICT_OBJC_MSGSEND = YES;
				GCC_C_LANGUAGE_STANDARD = gnu11;
				GCC_NO_COMMON_BLOCKS = YES;
				GCC_WARN_64_TO_32_BIT_CONVERSION = YES;
				GCC_WARN_ABOUT_RETURN_TYPE = YES_ERROR;
				GCC_WARN_UNDECLARED_SELECTOR = YES;
				GCC_WARN_UNINITIALIZED_AUTOS = YES_AGGRESSIVE;
				GCC_WARN_UNUSED_FUNCTION = YES;
				GCC_WARN_UNUSED_VARIABLE = YES;
				IPHONEOS_DEPLOYMENT_TARGET = 11.4;
				MTL_ENABLE_DEBUG_INFO = NO;
				SDKROOT = iphoneos;
				SWIFT_COMPILATION_MODE = wholemodule;
				SWIFT_OPTIMIZATION_LEVEL = "-O";
				VALIDATE_PRODUCT = YES;
			};
			name = Release;
		};
		9F3658E22125ECF100A917C6 /* Debug */ = {
			isa = XCBuildConfiguration;
			baseConfigurationReference = 60219A57DF607E780B4AC2DA /* Pods-MercadoPago.debug.xcconfig */;
			buildSettings = {
				ASSETCATALOG_COMPILER_APPICON_NAME = AppIcon;
				CODE_SIGN_STYLE = Automatic;
				DEVELOPMENT_TEAM = CB9XUG4Q58;
				FRAMEWORK_SEARCH_PATHS = (
					"$(inherited)",
					"$(PROJECT_DIR)/Carthage/Build/iOS",
				);
				INFOPLIST_FILE = "$(SRCROOT)/MercadoPago/Base/Info.plist";
				LD_RUNPATH_SEARCH_PATHS = (
					"$(inherited)",
					"@executable_path/Frameworks",
				);
				PRODUCT_BUNDLE_IDENTIFIER = com.andresilvagomez.MercadoPago;
				PRODUCT_NAME = "$(TARGET_NAME)";
				SWIFT_VERSION = 4.0;
				TARGETED_DEVICE_FAMILY = 1;
			};
			name = Debug;
		};
		9F3658E32125ECF100A917C6 /* Release */ = {
			isa = XCBuildConfiguration;
			baseConfigurationReference = 455CB00A0701DA095E45B304 /* Pods-MercadoPago.release.xcconfig */;
			buildSettings = {
				ASSETCATALOG_COMPILER_APPICON_NAME = AppIcon;
				CODE_SIGN_STYLE = Automatic;
				DEVELOPMENT_TEAM = CB9XUG4Q58;
				FRAMEWORK_SEARCH_PATHS = (
					"$(inherited)",
					"$(PROJECT_DIR)/Carthage/Build/iOS",
				);
				INFOPLIST_FILE = "$(SRCROOT)/MercadoPago/Base/Info.plist";
				LD_RUNPATH_SEARCH_PATHS = (
					"$(inherited)",
					"@executable_path/Frameworks",
				);
				PRODUCT_BUNDLE_IDENTIFIER = com.andresilvagomez.MercadoPago;
				PRODUCT_NAME = "$(TARGET_NAME)";
				SWIFT_VERSION = 4.0;
				TARGETED_DEVICE_FAMILY = 1;
			};
			name = Release;
		};
		9F3658E52125ECF100A917C6 /* Debug */ = {
			isa = XCBuildConfiguration;
			baseConfigurationReference = BF456A3C08DF4B89E379CE73 /* Pods-MercadoPagoTests.debug.xcconfig */;
			buildSettings = {
				ALWAYS_EMBED_SWIFT_STANDARD_LIBRARIES = YES;
				BUNDLE_LOADER = "$(TEST_HOST)";
				CODE_SIGN_STYLE = Automatic;
				INFOPLIST_FILE = MercadoPagoTests/Info.plist;
				LD_RUNPATH_SEARCH_PATHS = (
					"$(inherited)",
					"@executable_path/Frameworks",
					"@loader_path/Frameworks",
				);
				PRODUCT_BUNDLE_IDENTIFIER = com.andresilvagomez.MercadoPagoTests;
				PRODUCT_NAME = "$(TARGET_NAME)";
				SWIFT_VERSION = 4.0;
				TARGETED_DEVICE_FAMILY = "1,2";
				TEST_HOST = "$(BUILT_PRODUCTS_DIR)/MercadoPago.app/MercadoPago";
			};
			name = Debug;
		};
		9F3658E62125ECF100A917C6 /* Release */ = {
			isa = XCBuildConfiguration;
			baseConfigurationReference = 92E612EF36CD0CD3F11DFA43 /* Pods-MercadoPagoTests.release.xcconfig */;
			buildSettings = {
				ALWAYS_EMBED_SWIFT_STANDARD_LIBRARIES = YES;
				BUNDLE_LOADER = "$(TEST_HOST)";
				CODE_SIGN_STYLE = Automatic;
				INFOPLIST_FILE = MercadoPagoTests/Info.plist;
				LD_RUNPATH_SEARCH_PATHS = (
					"$(inherited)",
					"@executable_path/Frameworks",
					"@loader_path/Frameworks",
				);
				PRODUCT_BUNDLE_IDENTIFIER = com.andresilvagomez.MercadoPagoTests;
				PRODUCT_NAME = "$(TARGET_NAME)";
				SWIFT_VERSION = 4.0;
				TARGETED_DEVICE_FAMILY = "1,2";
				TEST_HOST = "$(BUILT_PRODUCTS_DIR)/MercadoPago.app/MercadoPago";
			};
			name = Release;
		};
		9F3658E82125ECF100A917C6 /* Debug */ = {
			isa = XCBuildConfiguration;
			baseConfigurationReference = 5074D50F06CC3D70841302E1 /* Pods-MercadoPagoUITests.debug.xcconfig */;
			buildSettings = {
				ALWAYS_EMBED_SWIFT_STANDARD_LIBRARIES = YES;
				CODE_SIGN_STYLE = Automatic;
				INFOPLIST_FILE = MercadoPagoUITests/Info.plist;
				LD_RUNPATH_SEARCH_PATHS = (
					"$(inherited)",
					"@executable_path/Frameworks",
					"@loader_path/Frameworks",
				);
				PRODUCT_BUNDLE_IDENTIFIER = com.andresilvagomez.MercadoPagoUITests;
				PRODUCT_NAME = "$(TARGET_NAME)";
				SWIFT_VERSION = 4.0;
				TARGETED_DEVICE_FAMILY = "1,2";
				TEST_TARGET_NAME = MercadoPago;
			};
			name = Debug;
		};
		9F3658E92125ECF100A917C6 /* Release */ = {
			isa = XCBuildConfiguration;
			baseConfigurationReference = 0D4119C09BD318BF8388EC42 /* Pods-MercadoPagoUITests.release.xcconfig */;
			buildSettings = {
				ALWAYS_EMBED_SWIFT_STANDARD_LIBRARIES = YES;
				CODE_SIGN_STYLE = Automatic;
				INFOPLIST_FILE = MercadoPagoUITests/Info.plist;
				LD_RUNPATH_SEARCH_PATHS = (
					"$(inherited)",
					"@executable_path/Frameworks",
					"@loader_path/Frameworks",
				);
				PRODUCT_BUNDLE_IDENTIFIER = com.andresilvagomez.MercadoPagoUITests;
				PRODUCT_NAME = "$(TARGET_NAME)";
				SWIFT_VERSION = 4.0;
				TARGETED_DEVICE_FAMILY = "1,2";
				TEST_TARGET_NAME = MercadoPago;
			};
			name = Release;
		};
/* End XCBuildConfiguration section */

/* Begin XCConfigurationList section */
		9F3658B42125ECEF00A917C6 /* Build configuration list for PBXProject "MercadoPago" */ = {
			isa = XCConfigurationList;
			buildConfigurations = (
				9F3658DF2125ECF100A917C6 /* Debug */,
				9F3658E02125ECF100A917C6 /* Release */,
			);
			defaultConfigurationIsVisible = 0;
			defaultConfigurationName = Release;
		};
		9F3658E12125ECF100A917C6 /* Build configuration list for PBXNativeTarget "MercadoPago" */ = {
			isa = XCConfigurationList;
			buildConfigurations = (
				9F3658E22125ECF100A917C6 /* Debug */,
				9F3658E32125ECF100A917C6 /* Release */,
			);
			defaultConfigurationIsVisible = 0;
			defaultConfigurationName = Release;
		};
		9F3658E42125ECF100A917C6 /* Build configuration list for PBXNativeTarget "MercadoPagoTests" */ = {
			isa = XCConfigurationList;
			buildConfigurations = (
				9F3658E52125ECF100A917C6 /* Debug */,
				9F3658E62125ECF100A917C6 /* Release */,
			);
			defaultConfigurationIsVisible = 0;
			defaultConfigurationName = Release;
		};
		9F3658E72125ECF100A917C6 /* Build configuration list for PBXNativeTarget "MercadoPagoUITests" */ = {
			isa = XCConfigurationList;
			buildConfigurations = (
				9F3658E82125ECF100A917C6 /* Debug */,
				9F3658E92125ECF100A917C6 /* Release */,
			);
			defaultConfigurationIsVisible = 0;
			defaultConfigurationName = Release;
		};
/* End XCConfigurationList section */
	};
	rootObject = 9F3658B12125ECEF00A917C6 /* Project object */;
}
